// !$*UTF8*$!
{
	archiveVersion = 1;
	classes = {
	};
	objectVersion = 50;
	objects = {

/* Begin PBXBuildFile section */
		050BA5D223EF44D600912E71 /* PhotosMO+CoreDataClass.swift in Sources */ = {isa = PBXBuildFile; fileRef = 050BA5CC23EF44D600912E71 /* PhotosMO+CoreDataClass.swift */; };
		050BA5D323EF44D600912E71 /* PhotosMO+CoreDataProperties.swift in Sources */ = {isa = PBXBuildFile; fileRef = 050BA5CD23EF44D600912E71 /* PhotosMO+CoreDataProperties.swift */; };
		050BA5D423EF44D600912E71 /* RoomsMO+CoreDataClass.swift in Sources */ = {isa = PBXBuildFile; fileRef = 050BA5CE23EF44D600912E71 /* RoomsMO+CoreDataClass.swift */; };
		050BA5D523EF44D600912E71 /* RoomsMO+CoreDataProperties.swift in Sources */ = {isa = PBXBuildFile; fileRef = 050BA5CF23EF44D600912E71 /* RoomsMO+CoreDataProperties.swift */; };
		050BA5D623EF44D600912E71 /* FloorsMO+CoreDataClass.swift in Sources */ = {isa = PBXBuildFile; fileRef = 050BA5D023EF44D600912E71 /* FloorsMO+CoreDataClass.swift */; };
		050BA5D723EF44D600912E71 /* FloorsMO+CoreDataProperties.swift in Sources */ = {isa = PBXBuildFile; fileRef = 050BA5D123EF44D600912E71 /* FloorsMO+CoreDataProperties.swift */; };
		057ACB0A23ED480D00C0CBE5 /* AppDelegate.swift in Sources */ = {isa = PBXBuildFile; fileRef = 057ACB0923ED480D00C0CBE5 /* AppDelegate.swift */; };
		057ACB0C23ED480D00C0CBE5 /* SceneDelegate.swift in Sources */ = {isa = PBXBuildFile; fileRef = 057ACB0B23ED480D00C0CBE5 /* SceneDelegate.swift */; };
		057ACB0E23ED480D00C0CBE5 /* ViewController.swift in Sources */ = {isa = PBXBuildFile; fileRef = 057ACB0D23ED480D00C0CBE5 /* ViewController.swift */; };
		057ACB1123ED480D00C0CBE5 /* Main.storyboard in Resources */ = {isa = PBXBuildFile; fileRef = 057ACB0F23ED480D00C0CBE5 /* Main.storyboard */; };
		057ACB1423ED480D00C0CBE5 /* NestedJSONPreloadToCoreData.xcdatamodeld in Sources */ = {isa = PBXBuildFile; fileRef = 057ACB1223ED480D00C0CBE5 /* NestedJSONPreloadToCoreData.xcdatamodeld */; };
		057ACB1623ED481300C0CBE5 /* Assets.xcassets in Resources */ = {isa = PBXBuildFile; fileRef = 057ACB1523ED481300C0CBE5 /* Assets.xcassets */; };
		057ACB1923ED481300C0CBE5 /* LaunchScreen.storyboard in Resources */ = {isa = PBXBuildFile; fileRef = 057ACB1723ED481300C0CBE5 /* LaunchScreen.storyboard */; };
		057ACB2323ED485D00C0CBE5 /* room.swift in Sources */ = {isa = PBXBuildFile; fileRef = 057ACB2223ED485D00C0CBE5 /* room.swift */; };
		057ACB2623ED48E400C0CBE5 /* photo.swift in Sources */ = {isa = PBXBuildFile; fileRef = 057ACB2523ED48E400C0CBE5 /* photo.swift */; };
		057ACB2823ED493C00C0CBE5 /* floor.swift in Sources */ = {isa = PBXBuildFile; fileRef = 057ACB2723ED493C00C0CBE5 /* floor.swift */; };
		057ACB2A23ED49B100C0CBE5 /* CoreDataHelper.swift in Sources */ = {isa = PBXBuildFile; fileRef = 057ACB2923ED49B100C0CBE5 /* CoreDataHelper.swift */; };
		057ACB2C23ED4C7800C0CBE5 /* FloorAndRoomData.json in Resources */ = {isa = PBXBuildFile; fileRef = 057ACB2B23ED4C7800C0CBE5 /* FloorAndRoomData.json */; };
/* End PBXBuildFile section */

/* Begin PBXFileReference section */
		050BA5CC23EF44D600912E71 /* PhotosMO+CoreDataClass.swift */ = {isa = PBXFileReference; lastKnownFileType = sourcecode.swift; path = "PhotosMO+CoreDataClass.swift"; sourceTree = SOURCE_ROOT; };
		050BA5CD23EF44D600912E71 /* PhotosMO+CoreDataProperties.swift */ = {isa = PBXFileReference; lastKnownFileType = sourcecode.swift; path = "PhotosMO+CoreDataProperties.swift"; sourceTree = SOURCE_ROOT; };
		050BA5CE23EF44D600912E71 /* RoomsMO+CoreDataClass.swift */ = {isa = PBXFileReference; lastKnownFileType = sourcecode.swift; path = "RoomsMO+CoreDataClass.swift"; sourceTree = SOURCE_ROOT; };
		050BA5CF23EF44D600912E71 /* RoomsMO+CoreDataProperties.swift */ = {isa = PBXFileReference; lastKnownFileType = sourcecode.swift; path = "RoomsMO+CoreDataProperties.swift"; sourceTree = SOURCE_ROOT; };
		050BA5D023EF44D600912E71 /* FloorsMO+CoreDataClass.swift */ = {isa = PBXFileReference; lastKnownFileType = sourcecode.swift; path = "FloorsMO+CoreDataClass.swift"; sourceTree = SOURCE_ROOT; };
		050BA5D123EF44D600912E71 /* FloorsMO+CoreDataProperties.swift */ = {isa = PBXFileReference; lastKnownFileType = sourcecode.swift; path = "FloorsMO+CoreDataProperties.swift"; sourceTree = SOURCE_ROOT; };
		057ACB0623ED480D00C0CBE5 /* NestedJSONPreloadToCoreData.app */ = {isa = PBXFileReference; explicitFileType = wrapper.application; includeInIndex = 0; path = NestedJSONPreloadToCoreData.app; sourceTree = BUILT_PRODUCTS_DIR; };
		057ACB0923ED480D00C0CBE5 /* AppDelegate.swift */ = {isa = PBXFileReference; lastKnownFileType = sourcecode.swift; path = AppDelegate.swift; sourceTree = "<group>"; };
		057ACB0B23ED480D00C0CBE5 /* SceneDelegate.swift */ = {isa = PBXFileReference; lastKnownFileType = sourcecode.swift; path = SceneDelegate.swift; sourceTree = "<group>"; };
		057ACB0D23ED480D00C0CBE5 /* ViewController.swift */ = {isa = PBXFileReference; lastKnownFileType = sourcecode.swift; path = ViewController.swift; sourceTree = "<group>"; };
		057ACB1023ED480D00C0CBE5 /* Base */ = {isa = PBXFileReference; lastKnownFileType = file.storyboard; name = Base; path = Base.lproj/Main.storyboard; sourceTree = "<group>"; };
		057ACB1323ED480D00C0CBE5 /* NestedJSONPreloadToCoreData.xcdatamodel */ = {isa = PBXFileReference; lastKnownFileType = wrapper.xcdatamodel; path = NestedJSONPreloadToCoreData.xcdatamodel; sourceTree = "<group>"; };
		057ACB1523ED481300C0CBE5 /* Assets.xcassets */ = {isa = PBXFileReference; lastKnownFileType = folder.assetcatalog; path = Assets.xcassets; sourceTree = "<group>"; };
		057ACB1823ED481300C0CBE5 /* Base */ = {isa = PBXFileReference; lastKnownFileType = file.storyboard; name = Base; path = Base.lproj/LaunchScreen.storyboard; sourceTree = "<group>"; };
		057ACB1A23ED481300C0CBE5 /* Info.plist */ = {isa = PBXFileReference; lastKnownFileType = text.plist.xml; path = Info.plist; sourceTree = "<group>"; };
		057ACB2223ED485D00C0CBE5 /* room.swift */ = {isa = PBXFileReference; lastKnownFileType = sourcecode.swift; path = room.swift; sourceTree = "<group>"; };
		057ACB2523ED48E400C0CBE5 /* photo.swift */ = {isa = PBXFileReference; lastKnownFileType = sourcecode.swift; path = photo.swift; sourceTree = "<group>"; };
		057ACB2723ED493C00C0CBE5 /* floor.swift */ = {isa = PBXFileReference; lastKnownFileType = sourcecode.swift; path = floor.swift; sourceTree = "<group>"; };
		057ACB2923ED49B100C0CBE5 /* CoreDataHelper.swift */ = {isa = PBXFileReference; lastKnownFileType = sourcecode.swift; path = CoreDataHelper.swift; sourceTree = "<group>"; };
		057ACB2B23ED4C7800C0CBE5 /* FloorAndRoomData.json */ = {isa = PBXFileReference; fileEncoding = 4; lastKnownFileType = text.json; path = FloorAndRoomData.json; sourceTree = "<group>"; };
/* End PBXFileReference section */

/* Begin PBXFrameworksBuildPhase section */
		057ACB0323ED480D00C0CBE5 /* Frameworks */ = {
			isa = PBXFrameworksBuildPhase;
			buildActionMask = 2147483647;
			files = (
			);
			runOnlyForDeploymentPostprocessing = 0;
		};
/* End PBXFrameworksBuildPhase section */

/* Begin PBXGroup section */
		0515AAF623EE47050036DCED /* Core Data Models */ = {
			isa = PBXGroup;
			children = (
				050BA5CC23EF44D600912E71 /* PhotosMO+CoreDataClass.swift */,
				050BA5CD23EF44D600912E71 /* PhotosMO+CoreDataProperties.swift */,
				050BA5CE23EF44D600912E71 /* RoomsMO+CoreDataClass.swift */,
				050BA5CF23EF44D600912E71 /* RoomsMO+CoreDataProperties.swift */,
				050BA5D023EF44D600912E71 /* FloorsMO+CoreDataClass.swift */,
				050BA5D123EF44D600912E71 /* FloorsMO+CoreDataProperties.swift */,
			);
			path = "Core Data Models";
			sourceTree = "<group>";
		};
		057ACAFD23ED480D00C0CBE5 = {
			isa = PBXGroup;
			children = (
				057ACB0823ED480D00C0CBE5 /* NestedJSONPreloadToCoreData */,
				057ACB0723ED480D00C0CBE5 /* Products */,
			);
			sourceTree = "<group>";
		};
		057ACB0723ED480D00C0CBE5 /* Products */ = {
			isa = PBXGroup;
			children = (
				057ACB0623ED480D00C0CBE5 /* NestedJSONPreloadToCoreData.app */,
			);
			name = Products;
			sourceTree = "<group>";
		};
		057ACB0823ED480D00C0CBE5 /* NestedJSONPreloadToCoreData */ = {
			isa = PBXGroup;
			children = (
				057ACB0923ED480D00C0CBE5 /* AppDelegate.swift */,
				057ACB0B23ED480D00C0CBE5 /* SceneDelegate.swift */,
				057ACB2423ED48B600C0CBE5 /* Model */,
				057ACB2023ED482800C0CBE5 /* Controller */,
				057ACB2123ED483300C0CBE5 /* View */,
				057ACB2D23ED4C8000C0CBE5 /* Data */,
				057ACB1523ED481300C0CBE5 /* Assets.xcassets */,
				057ACB1723ED481300C0CBE5 /* LaunchScreen.storyboard */,
				057ACB1A23ED481300C0CBE5 /* Info.plist */,
				057ACB1223ED480D00C0CBE5 /* NestedJSONPreloadToCoreData.xcdatamodeld */,
			);
			path = NestedJSONPreloadToCoreData;
			sourceTree = "<group>";
		};
		057ACB2023ED482800C0CBE5 /* Controller */ = {
			isa = PBXGroup;
			children = (
				057ACB0D23ED480D00C0CBE5 /* ViewController.swift */,
			);
			path = Controller;
			sourceTree = "<group>";
		};
		057ACB2123ED483300C0CBE5 /* View */ = {
			isa = PBXGroup;
			children = (
				057ACB0F23ED480D00C0CBE5 /* Main.storyboard */,
			);
			path = View;
			sourceTree = "<group>";
		};
		057ACB2423ED48B600C0CBE5 /* Model */ = {
			isa = PBXGroup;
			children = (
				0515AAF623EE47050036DCED /* Core Data Models */,
				057ACB2223ED485D00C0CBE5 /* room.swift */,
				057ACB2523ED48E400C0CBE5 /* photo.swift */,
				057ACB2723ED493C00C0CBE5 /* floor.swift */,
				057ACB2923ED49B100C0CBE5 /* CoreDataHelper.swift */,
			);
			path = Model;
			sourceTree = "<group>";
		};
		057ACB2D23ED4C8000C0CBE5 /* Data */ = {
			isa = PBXGroup;
			children = (
				057ACB2B23ED4C7800C0CBE5 /* FloorAndRoomData.json */,
			);
			path = Data;
			sourceTree = "<group>";
		};
/* End PBXGroup section */

/* Begin PBXNativeTarget section */
		057ACB0523ED480D00C0CBE5 /* NestedJSONPreloadToCoreData */ = {
			isa = PBXNativeTarget;
			buildConfigurationList = 057ACB1D23ED481300C0CBE5 /* Build configuration list for PBXNativeTarget "NestedJSONPreloadToCoreData" */;
			buildPhases = (
				057ACB0223ED480D00C0CBE5 /* Sources */,
				057ACB0323ED480D00C0CBE5 /* Frameworks */,
				057ACB0423ED480D00C0CBE5 /* Resources */,
			);
			buildRules = (
			);
			dependencies = (
			);
			name = NestedJSONPreloadToCoreData;
			productName = NestedJSONPreloadToCoreData;
			productReference = 057ACB0623ED480D00C0CBE5 /* NestedJSONPreloadToCoreData.app */;
			productType = "com.apple.product-type.application";
		};
/* End PBXNativeTarget section */

/* Begin PBXProject section */
		057ACAFE23ED480D00C0CBE5 /* Project object */ = {
			isa = PBXProject;
			attributes = {
				LastSwiftUpdateCheck = 1130;
				LastUpgradeCheck = 1130;
				ORGANIZATIONNAME = "Chris Holschuh";
				TargetAttributes = {
					057ACB0523ED480D00C0CBE5 = {
						CreatedOnToolsVersion = 11.3.1;
					};
				};
			};
			buildConfigurationList = 057ACB0123ED480D00C0CBE5 /* Build configuration list for PBXProject "NestedJSONPreloadToCoreData" */;
			compatibilityVersion = "Xcode 9.3";
			developmentRegion = en;
			hasScannedForEncodings = 0;
			knownRegions = (
				en,
				Base,
			);
			mainGroup = 057ACAFD23ED480D00C0CBE5;
			productRefGroup = 057ACB0723ED480D00C0CBE5 /* Products */;
			projectDirPath = "";
			projectRoot = "";
			targets = (
				057ACB0523ED480D00C0CBE5 /* NestedJSONPreloadToCoreData */,
			);
		};
/* End PBXProject section */

/* Begin PBXResourcesBuildPhase section */
		057ACB0423ED480D00C0CBE5 /* Resources */ = {
			isa = PBXResourcesBuildPhase;
			buildActionMask = 2147483647;
			files = (
				057ACB1923ED481300C0CBE5 /* LaunchScreen.storyboard in Resources */,
				057ACB2C23ED4C7800C0CBE5 /* FloorAndRoomData.json in Resources */,
				057ACB1623ED481300C0CBE5 /* Assets.xcassets in Resources */,
				057ACB1123ED480D00C0CBE5 /* Main.storyboard in Resources */,
			);
			runOnlyForDeploymentPostprocessing = 0;
		};
/* End PBXResourcesBuildPhase section */

/* Begin PBXSourcesBuildPhase section */
		057ACB0223ED480D00C0CBE5 /* Sources */ = {
			isa = PBXSourcesBuildPhase;
			buildActionMask = 2147483647;
			files = (
				050BA5D523EF44D600912E71 /* RoomsMO+CoreDataProperties.swift in Sources */,
				057ACB2623ED48E400C0CBE5 /* photo.swift in Sources */,
				050BA5D623EF44D600912E71 /* FloorsMO+CoreDataClass.swift in Sources */,
				050BA5D223EF44D600912E71 /* PhotosMO+CoreDataClass.swift in Sources */,
				050BA5D323EF44D600912E71 /* PhotosMO+CoreDataProperties.swift in Sources */,
				057ACB0E23ED480D00C0CBE5 /* ViewController.swift in Sources */,
				050BA5D723EF44D600912E71 /* FloorsMO+CoreDataProperties.swift in Sources */,
				057ACB2A23ED49B100C0CBE5 /* CoreDataHelper.swift in Sources */,
				050BA5D423EF44D600912E71 /* RoomsMO+CoreDataClass.swift in Sources */,
				057ACB0A23ED480D00C0CBE5 /* AppDelegate.swift in Sources */,
				057ACB1423ED480D00C0CBE5 /* NestedJSONPreloadToCoreData.xcdatamodeld in Sources */,
				057ACB0C23ED480D00C0CBE5 /* SceneDelegate.swift in Sources */,
				057ACB2323ED485D00C0CBE5 /* room.swift in Sources */,
				057ACB2823ED493C00C0CBE5 /* floor.swift in Sources */,
			);
			runOnlyForDeploymentPostprocessing = 0;
		};
/* End PBXSourcesBuildPhase section */

/* Begin PBXVariantGroup section */
		057ACB0F23ED480D00C0CBE5 /* Main.storyboard */ = {
			isa = PBXVariantGroup;
			children = (
				057ACB1023ED480D00C0CBE5 /* Base */,
			);
			name = Main.storyboard;
			sourceTree = "<group>";
		};
		057ACB1723ED481300C0CBE5 /* LaunchScreen.storyboard */ = {
			isa = PBXVariantGroup;
			children = (
				057ACB1823ED481300C0CBE5 /* Base */,
			);
			name = LaunchScreen.storyboard;
			sourceTree = "<group>";
		};
/* End PBXVariantGroup section */

/* Begin XCBuildConfiguration section */
		057ACB1B23ED481300C0CBE5 /* Debug */ = {
			isa = XCBuildConfiguration;
			buildSettings = {
				ALWAYS_SEARCH_USER_PATHS = NO;
				CLANG_ANALYZER_NONNULL = YES;
				CLANG_ANALYZER_NUMBER_OBJECT_CONVERSION = YES_AGGRESSIVE;
				CLANG_CXX_LANGUAGE_STANDARD = "gnu++14";
				CLANG_CXX_LIBRARY = "libc++";
				CLANG_ENABLE_MODULES = YES;
				CLANG_ENABLE_OBJC_ARC = YES;
				CLANG_ENABLE_OBJC_WEAK = YES;
				CLANG_WARN_BLOCK_CAPTURE_AUTORELEASING = YES;
				CLANG_WARN_BOOL_CONVERSION = YES;
				CLANG_WARN_COMMA = YES;
				CLANG_WARN_CONSTANT_CONVERSION = YES;
				CLANG_WARN_DEPRECATED_OBJC_IMPLEMENTATIONS = YES;
				CLANG_WARN_DIRECT_OBJC_ISA_USAGE = YES_ERROR;
				CLANG_WARN_DOCUMENTATION_COMMENTS = YES;
				CLANG_WARN_EMPTY_BODY = YES;
				CLANG_WARN_ENUM_CONVERSION = YES;
				CLANG_WARN_INFINITE_RECURSION = YES;
				CLANG_WARN_INT_CONVERSION = YES;
				CLANG_WARN_NON_LITERAL_NULL_CONVERSION = YES;
				CLANG_WARN_OBJC_IMPLICIT_RETAIN_SELF = YES;
				CLANG_WARN_OBJC_LITERAL_CONVERSION = YES;
				CLANG_WARN_OBJC_ROOT_CLASS = YES_ERROR;
				CLANG_WARN_RANGE_LOOP_ANALYSIS = YES;
				CLANG_WARN_STRICT_PROTOTYPES = YES;
				CLANG_WARN_SUSPICIOUS_MOVE = YES;
				CLANG_WARN_UNGUARDED_AVAILABILITY = YES_AGGRESSIVE;
				CLANG_WARN_UNREACHABLE_CODE = YES;
				CLANG_WARN__DUPLICATE_METHOD_MATCH = YES;
				COPY_PHASE_STRIP = NO;
				DEBUG_INFORMATION_FORMAT = dwarf;
				ENABLE_STRICT_OBJC_MSGSEND = YES;
				ENABLE_TESTABILITY = YES;
				GCC_C_LANGUAGE_STANDARD = gnu11;
				GCC_DYNAMIC_NO_PIC = NO;
				GCC_NO_COMMON_BLOCKS = YES;
				GCC_OPTIMIZATION_LEVEL = 0;
				GCC_PREPROCESSOR_DEFINITIONS = (
					"DEBUG=1",
					"$(inherited)",
				);
				GCC_WARN_64_TO_32_BIT_CONVERSION = YES;
				GCC_WARN_ABOUT_RETURN_TYPE = YES_ERROR;
				GCC_WARN_UNDECLARED_SELECTOR = YES;
				GCC_WARN_UNINITIALIZED_AUTOS = YES_AGGRESSIVE;
				GCC_WARN_UNUSED_FUNCTION = YES;
				GCC_WARN_UNUSED_VARIABLE = YES;
				IPHONEOS_DEPLOYMENT_TARGET = 13.2;
				MTL_ENABLE_DEBUG_INFO = INCLUDE_SOURCE;
				MTL_FAST_MATH = YES;
				ONLY_ACTIVE_ARCH = YES;
				SDKROOT = iphoneos;
				SWIFT_ACTIVE_COMPILATION_CONDITIONS = DEBUG;
				SWIFT_OPTIMIZATION_LEVEL = "-Onone";
			};
			name = Debug;
		};
		057ACB1C23ED481300C0CBE5 /* Release */ = {
			isa = XCBuildConfiguration;
			buildSettings = {
				ALWAYS_SEARCH_USER_PATHS = NO;
				CLANG_ANALYZER_NONNULL = YES;
				CLANG_ANALYZER_NUMBER_OBJECT_CONVERSION = YES_AGGRESSIVE;
				CLANG_CXX_LANGUAGE_STANDARD = "gnu++14";
				CLANG_CXX_LIBRARY = "libc++";
				CLANG_ENABLE_MODULES = YES;
				CLANG_ENABLE_OBJC_ARC = YES;
				CLANG_ENABLE_OBJC_WEAK = YES;
				CLANG_WARN_BLOCK_CAPTURE_AUTORELEASING = YES;
				CLANG_WARN_BOOL_CONVERSION = YES;
				CLANG_WARN_COMMA = YES;
				CLANG_WARN_CONSTANT_CONVERSION = YES;
				CLANG_WARN_DEPRECATED_OBJC_IMPLEMENTATIONS = YES;
				CLANG_WARN_DIRECT_OBJC_ISA_USAGE = YES_ERROR;
				CLANG_WARN_DOCUMENTATION_COMMENTS = YES;
				CLANG_WARN_EMPTY_BODY = YES;
				CLANG_WARN_ENUM_CONVERSION = YES;
				CLANG_WARN_INFINITE_RECURSION = YES;
				CLANG_WARN_INT_CONVERSION = YES;
				CLANG_WARN_NON_LITERAL_NULL_CONVERSION = YES;
				CLANG_WARN_OBJC_IMPLICIT_RETAIN_SELF = YES;
				CLANG_WARN_OBJC_LITERAL_CONVERSION = YES;
				CLANG_WARN_OBJC_ROOT_CLASS = YES_ERROR;
				CLANG_WARN_RANGE_LOOP_ANALYSIS = YES;
				CLANG_WARN_STRICT_PROTOTYPES = YES;
				CLANG_WARN_SUSPICIOUS_MOVE = YES;
				CLANG_WARN_UNGUARDED_AVAILABILITY = YES_AGGRESSIVE;
				CLANG_WARN_UNREACHABLE_CODE = YES;
				CLANG_WARN__DUPLICATE_METHOD_MATCH = YES;
				COPY_PHASE_STRIP = NO;
				DEBUG_INFORMATION_FORMAT = "dwarf-with-dsym";
				ENABLE_NS_ASSERTIONS = NO;
				ENABLE_STRICT_OBJC_MSGSEND = YES;
				GCC_C_LANGUAGE_STANDARD = gnu11;
				GCC_NO_COMMON_BLOCKS = YES;
				GCC_WARN_64_TO_32_BIT_CONVERSION = YES;
				GCC_WARN_ABOUT_RETURN_TYPE = YES_ERROR;
				GCC_WARN_UNDECLARED_SELECTOR = YES;
				GCC_WARN_UNINITIALIZED_AUTOS = YES_AGGRESSIVE;
				GCC_WARN_UNUSED_FUNCTION = YES;
				GCC_WARN_UNUSED_VARIABLE = YES;
				IPHONEOS_DEPLOYMENT_TARGET = 13.2;
				MTL_ENABLE_DEBUG_INFO = NO;
				MTL_FAST_MATH = YES;
				SDKROOT = iphoneos;
				SWIFT_COMPILATION_MODE = wholemodule;
				SWIFT_OPTIMIZATION_LEVEL = "-O";
				VALIDATE_PRODUCT = YES;
			};
			name = Release;
		};
		057ACB1E23ED481300C0CBE5 /* Debug */ = {
			isa = XCBuildConfiguration;
			buildSettings = {
				ASSETCATALOG_COMPILER_APPICON_NAME = AppIcon;
				CODE_SIGN_STYLE = Automatic;
				DEVELOPMENT_TEAM = G887Y3KH63;
				INFOPLIST_FILE = NestedJSONPreloadToCoreData/Info.plist;
				LD_RUNPATH_SEARCH_PATHS = (
					"$(inherited)",
					"@executable_path/Frameworks",
				);
				PRODUCT_BUNDLE_IDENTIFIER = com.holschuh.NestedJSONPreloadToCoreData;
				PRODUCT_NAME = "$(TARGET_NAME)";
				SWIFT_VERSION = 5.0;
				TARGETED_DEVICE_FAMILY = "1,2";
			};
			name = Debug;
		};
		057ACB1F23ED481300C0CBE5 /* Release */ = {
			isa = XCBuildConfiguration;
			buildSettings = {
				ASSETCATALOG_COMPILER_APPICON_NAME = AppIcon;
				CODE_SIGN_STYLE = Automatic;
				DEVELOPMENT_TEAM = G887Y3KH63;
				INFOPLIST_FILE = NestedJSONPreloadToCoreData/Info.plist;
				LD_RUNPATH_SEARCH_PATHS = (
					"$(inherited)",
					"@executable_path/Frameworks",
				);
				PRODUCT_BUNDLE_IDENTIFIER = com.holschuh.NestedJSONPreloadToCoreData;
				PRODUCT_NAME = "$(TARGET_NAME)";
				SWIFT_VERSION = 5.0;
				TARGETED_DEVICE_FAMILY = "1,2";
			};
			name = Release;
		};
/* End XCBuildConfiguration section */

/* Begin XCConfigurationList section */
		057ACB0123ED480D00C0CBE5 /* Build configuration list for PBXProject "NestedJSONPreloadToCoreData" */ = {
			isa = XCConfigurationList;
			buildConfigurations = (
				057ACB1B23ED481300C0CBE5 /* Debug */,
				057ACB1C23ED481300C0CBE5 /* Release */,
			);
			defaultConfigurationIsVisible = 0;
			defaultConfigurationName = Release;
		};
		057ACB1D23ED481300C0CBE5 /* Build configuration list for PBXNativeTarget "NestedJSONPreloadToCoreData" */ = {
			isa = XCConfigurationList;
			buildConfigurations = (
				057ACB1E23ED481300C0CBE5 /* Debug */,
				057ACB1F23ED481300C0CBE5 /* Release */,
			);
			defaultConfigurationIsVisible = 0;
			defaultConfigurationName = Release;
		};
/* End XCConfigurationList section */

/* Begin XCVersionGroup section */
		057ACB1223ED480D00C0CBE5 /* NestedJSONPreloadToCoreData.xcdatamodeld */ = {
			isa = XCVersionGroup;
			children = (
				057ACB1323ED480D00C0CBE5 /* NestedJSONPreloadToCoreData.xcdatamodel */,
			);
			currentVersion = 057ACB1323ED480D00C0CBE5 /* NestedJSONPreloadToCoreData.xcdatamodel */;
			path = NestedJSONPreloadToCoreData.xcdatamodeld;
			sourceTree = "<group>";
			versionGroupType = wrapper.xcdatamodel;
		};
/* End XCVersionGroup section */
	};
	rootObject = 057ACAFE23ED480D00C0CBE5 /* Project object */;
}
